
Microsoft Visual Studio Solution File, Format Version 12.00
# Visual Studio Version 17
VisualStudioVersion = 17.1.32421.90
MinimumVisualStudioVersion = 10.0.40219.1
Project("{9A19103F-16F7-4668-BE54-9A1E7A4F7556}") = "OcelotExtensionLib", "OcelotExtensionLib.csproj", "{3DAD01D4-7015-407B-A1AA-315A294CAED3}"
EndProject
Global
	GlobalSection(SolutionConfigurationPlatforms) = preSolution
		Debug|Any CPU = Debug|Any CPU
		Release|Any CPU = Release|Any CPU
	EndGlobalSection
	GlobalSection(ProjectConfigurationPlatforms) = postSolution
		{3DAD01D4-7015-407B-A1AA-315A294CAED3}.Debug|Any CPU.ActiveCfg = Debug|Any CPU
		{3DAD01D4-7015-407B-A1AA-315A294CAED3}.Debug|Any CPU.Build.0 = Debug|Any CPU
		{3DAD01D4-7015-407B-A1AA-315A294CAED3}.Release|Any CPU.ActiveCfg = Release|Any CPU
		{3DAD01D4-7015-407B-A1AA-315A294CAED3}.Release|Any CPU.Build.0 = Release|Any CPU
	EndGlobalSection
	GlobalSection(SolutionProperties) = preSolution
		HideSolutionNode = FALSE
	EndGlobalSection
	GlobalSection(ExtensibilityGlobals) = postSolution
		SolutionGuid = {3EE644BF-26FC-4882-AAB9-3B40E4EFCC9D}
	EndGlobalSection
EndGlobal
